// !$*UTF8*$!
{
	archiveVersion = 1;
	classes = {
	};
	objectVersion = 55;
	objects = {

/* Begin PBXBuildFile section */
		3065A10C284D4C1100DF370F /* SettingsView.swift in Sources */ = {isa = PBXBuildFile; fileRef = 3065A10B284D4C1100DF370F /* SettingsView.swift */; };
		3065A10F284D607400DF370F /* DeleteConfirmationView.swift in Sources */ = {isa = PBXBuildFile; fileRef = 3065A10E284D607400DF370F /* DeleteConfirmationView.swift */; };
		3065A111284EAEB400DF370F /* ContactsSync.swift in Sources */ = {isa = PBXBuildFile; fileRef = 3065A110284EAEB400DF370F /* ContactsSync.swift */; };
		3090EA27284A559B00D4DF4B /* ContactsManagerApp.swift in Sources */ = {isa = PBXBuildFile; fileRef = 3090EA26284A559B00D4DF4B /* ContactsManagerApp.swift */; };
		3090EA29284A559B00D4DF4B /* ContentView.swift in Sources */ = {isa = PBXBuildFile; fileRef = 3090EA28284A559B00D4DF4B /* ContentView.swift */; };
		3090EA2B284A559C00D4DF4B /* Assets.xcassets in Resources */ = {isa = PBXBuildFile; fileRef = 3090EA2A284A559C00D4DF4B /* Assets.xcassets */; };
		3090EA2E284A559C00D4DF4B /* Preview Assets.xcassets in Resources */ = {isa = PBXBuildFile; fileRef = 3090EA2D284A559C00D4DF4B /* Preview Assets.xcassets */; };
		3090EA30284A559C00D4DF4B /* Persistence.swift in Sources */ = {isa = PBXBuildFile; fileRef = 3090EA2F284A559C00D4DF4B /* Persistence.swift */; };
		3090EA33284A559C00D4DF4B /* ContactsManager.xcdatamodeld in Sources */ = {isa = PBXBuildFile; fileRef = 3090EA31284A559C00D4DF4B /* ContactsManager.xcdatamodeld */; };
		3090EA3D284A559C00D4DF4B /* ContactsManagerTests.swift in Sources */ = {isa = PBXBuildFile; fileRef = 3090EA3C284A559C00D4DF4B /* ContactsManagerTests.swift */; };
		3090EA47284A559C00D4DF4B /* ContactsManagerUITests.swift in Sources */ = {isa = PBXBuildFile; fileRef = 3090EA46284A559C00D4DF4B /* ContactsManagerUITests.swift */; };
		3090EA49284A559C00D4DF4B /* ContactsManagerUITestsLaunchTests.swift in Sources */ = {isa = PBXBuildFile; fileRef = 3090EA48284A559C00D4DF4B /* ContactsManagerUITestsLaunchTests.swift */; };
		3090EA58284B869D00D4DF4B /* GoogleSync.swift in Sources */ = {isa = PBXBuildFile; fileRef = 3090EA57284B869D00D4DF4B /* GoogleSync.swift */; };
		3090EA5D284B88E300D4DF4B /* ContactsView.swift in Sources */ = {isa = PBXBuildFile; fileRef = 3090EA5C284B88E300D4DF4B /* ContactsView.swift */; };
		3090EA5F284B929B00D4DF4B /* ContactsDetailView.swift in Sources */ = {isa = PBXBuildFile; fileRef = 3090EA5E284B929B00D4DF4B /* ContactsDetailView.swift */; };
		3090EA61284B932100D4DF4B /* Utils.swift in Sources */ = {isa = PBXBuildFile; fileRef = 3090EA60284B932100D4DF4B /* Utils.swift */; };
/* End PBXBuildFile section */

/* Begin PBXContainerItemProxy section */
		3090EA39284A559C00D4DF4B /* PBXContainerItemProxy */ = {
			isa = PBXContainerItemProxy;
			containerPortal = 3090EA1B284A559B00D4DF4B /* Project object */;
			proxyType = 1;
			remoteGlobalIDString = 3090EA22284A559B00D4DF4B;
			remoteInfo = ContactsManager;
		};
		3090EA43284A559C00D4DF4B /* PBXContainerItemProxy */ = {
			isa = PBXContainerItemProxy;
			containerPortal = 3090EA1B284A559B00D4DF4B /* Project object */;
			proxyType = 1;
			remoteGlobalIDString = 3090EA22284A559B00D4DF4B;
			remoteInfo = ContactsManager;
		};
/* End PBXContainerItemProxy section */

/* Begin PBXFileReference section */
		3065A10B284D4C1100DF370F /* SettingsView.swift */ = {isa = PBXFileReference; lastKnownFileType = sourcecode.swift; path = SettingsView.swift; sourceTree = "<group>"; };
		3065A10E284D607400DF370F /* DeleteConfirmationView.swift */ = {isa = PBXFileReference; lastKnownFileType = sourcecode.swift; path = DeleteConfirmationView.swift; sourceTree = "<group>"; };
		3065A110284EAEB400DF370F /* ContactsSync.swift */ = {isa = PBXFileReference; lastKnownFileType = sourcecode.swift; path = ContactsSync.swift; sourceTree = "<group>"; };
		3090EA23284A559B00D4DF4B /* ContactsManager.app */ = {isa = PBXFileReference; explicitFileType = wrapper.application; includeInIndex = 0; path = ContactsManager.app; sourceTree = BUILT_PRODUCTS_DIR; };
		3090EA26284A559B00D4DF4B /* ContactsManagerApp.swift */ = {isa = PBXFileReference; lastKnownFileType = sourcecode.swift; path = ContactsManagerApp.swift; sourceTree = "<group>"; };
		3090EA28284A559B00D4DF4B /* ContentView.swift */ = {isa = PBXFileReference; lastKnownFileType = sourcecode.swift; path = ContentView.swift; sourceTree = "<group>"; };
		3090EA2A284A559C00D4DF4B /* Assets.xcassets */ = {isa = PBXFileReference; lastKnownFileType = folder.assetcatalog; path = Assets.xcassets; sourceTree = "<group>"; };
		3090EA2D284A559C00D4DF4B /* Preview Assets.xcassets */ = {isa = PBXFileReference; lastKnownFileType = folder.assetcatalog; path = "Preview Assets.xcassets"; sourceTree = "<group>"; };
		3090EA2F284A559C00D4DF4B /* Persistence.swift */ = {isa = PBXFileReference; lastKnownFileType = sourcecode.swift; path = Persistence.swift; sourceTree = "<group>"; };
		3090EA32284A559C00D4DF4B /* ContactsManager.xcdatamodel */ = {isa = PBXFileReference; lastKnownFileType = wrapper.xcdatamodel; path = ContactsManager.xcdatamodel; sourceTree = "<group>"; };
		3090EA38284A559C00D4DF4B /* ContactsManagerTests.xctest */ = {isa = PBXFileReference; explicitFileType = wrapper.cfbundle; includeInIndex = 0; path = ContactsManagerTests.xctest; sourceTree = BUILT_PRODUCTS_DIR; };
		3090EA3C284A559C00D4DF4B /* ContactsManagerTests.swift */ = {isa = PBXFileReference; lastKnownFileType = sourcecode.swift; path = ContactsManagerTests.swift; sourceTree = "<group>"; };
		3090EA42284A559C00D4DF4B /* ContactsManagerUITests.xctest */ = {isa = PBXFileReference; explicitFileType = wrapper.cfbundle; includeInIndex = 0; path = ContactsManagerUITests.xctest; sourceTree = BUILT_PRODUCTS_DIR; };
		3090EA46284A559C00D4DF4B /* ContactsManagerUITests.swift */ = {isa = PBXFileReference; lastKnownFileType = sourcecode.swift; path = ContactsManagerUITests.swift; sourceTree = "<group>"; };
		3090EA48284A559C00D4DF4B /* ContactsManagerUITestsLaunchTests.swift */ = {isa = PBXFileReference; lastKnownFileType = sourcecode.swift; path = ContactsManagerUITestsLaunchTests.swift; sourceTree = "<group>"; };
		3090EA57284B869D00D4DF4B /* GoogleSync.swift */ = {isa = PBXFileReference; lastKnownFileType = sourcecode.swift; path = GoogleSync.swift; sourceTree = "<group>"; };
		3090EA5C284B88E300D4DF4B /* ContactsView.swift */ = {isa = PBXFileReference; lastKnownFileType = sourcecode.swift; path = ContactsView.swift; sourceTree = "<group>"; };
		3090EA5E284B929B00D4DF4B /* ContactsDetailView.swift */ = {isa = PBXFileReference; lastKnownFileType = sourcecode.swift; path = ContactsDetailView.swift; sourceTree = "<group>"; };
		3090EA60284B932100D4DF4B /* Utils.swift */ = {isa = PBXFileReference; lastKnownFileType = sourcecode.swift; path = Utils.swift; sourceTree = "<group>"; };
/* End PBXFileReference section */

/* Begin PBXFrameworksBuildPhase section */
		3090EA20284A559B00D4DF4B /* Frameworks */ = {
			isa = PBXFrameworksBuildPhase;
			buildActionMask = 2147483647;
			files = (
			);
			runOnlyForDeploymentPostprocessing = 0;
		};
		3090EA35284A559C00D4DF4B /* Frameworks */ = {
			isa = PBXFrameworksBuildPhase;
			buildActionMask = 2147483647;
			files = (
			);
			runOnlyForDeploymentPostprocessing = 0;
		};
		3090EA3F284A559C00D4DF4B /* Frameworks */ = {
			isa = PBXFrameworksBuildPhase;
			buildActionMask = 2147483647;
			files = (
			);
			runOnlyForDeploymentPostprocessing = 0;
		};
/* End PBXFrameworksBuildPhase section */

/* Begin PBXGroup section */
		3065A10D284D602000DF370F /* SharedComponents */ = {
			isa = PBXGroup;
			children = (
				3065A10E284D607400DF370F /* DeleteConfirmationView.swift */,
			);
			path = SharedComponents;
			sourceTree = "<group>";
		};
		3090EA1A284A559B00D4DF4B = {
			isa = PBXGroup;
			children = (
				3090EA56284B866200D4DF4B /* Features */,
				3090EA25284A559B00D4DF4B /* ContactsManager */,
				3090EA3B284A559C00D4DF4B /* ContactsManagerTests */,
				3090EA45284A559C00D4DF4B /* ContactsManagerUITests */,
				3090EA24284A559B00D4DF4B /* Products */,
			);
			sourceTree = "<group>";
		};
		3090EA24284A559B00D4DF4B /* Products */ = {
			isa = PBXGroup;
			children = (
				3090EA23284A559B00D4DF4B /* ContactsManager.app */,
				3090EA38284A559C00D4DF4B /* ContactsManagerTests.xctest */,
				3090EA42284A559C00D4DF4B /* ContactsManagerUITests.xctest */,
			);
			name = Products;
			sourceTree = "<group>";
		};
		3090EA25284A559B00D4DF4B /* ContactsManager */ = {
			isa = PBXGroup;
			children = (
				3090EA26284A559B00D4DF4B /* ContactsManagerApp.swift */,
				3090EA28284A559B00D4DF4B /* ContentView.swift */,
				3090EA2A284A559C00D4DF4B /* Assets.xcassets */,
				3090EA2F284A559C00D4DF4B /* Persistence.swift */,
				3090EA31284A559C00D4DF4B /* ContactsManager.xcdatamodeld */,
				3090EA2C284A559C00D4DF4B /* Preview Content */,
			);
			path = ContactsManager;
			sourceTree = "<group>";
		};
		3090EA2C284A559C00D4DF4B /* Preview Content */ = {
			isa = PBXGroup;
			children = (
				3090EA2D284A559C00D4DF4B /* Preview Assets.xcassets */,
			);
			path = "Preview Content";
			sourceTree = "<group>";
		};
		3090EA3B284A559C00D4DF4B /* ContactsManagerTests */ = {
			isa = PBXGroup;
			children = (
				3090EA3C284A559C00D4DF4B /* ContactsManagerTests.swift */,
			);
			path = ContactsManagerTests;
			sourceTree = "<group>";
		};
		3090EA45284A559C00D4DF4B /* ContactsManagerUITests */ = {
			isa = PBXGroup;
			children = (
				3090EA46284A559C00D4DF4B /* ContactsManagerUITests.swift */,
				3090EA48284A559C00D4DF4B /* ContactsManagerUITestsLaunchTests.swift */,
			);
			path = ContactsManagerUITests;
			sourceTree = "<group>";
		};
		3090EA55284B85F200D4DF4B /* DataSync */ = {
			isa = PBXGroup;
			children = (
				3090EA57284B869D00D4DF4B /* GoogleSync.swift */,
				3065A110284EAEB400DF370F /* ContactsSync.swift */,
			);
			path = DataSync;
			sourceTree = "<group>";
		};
		3090EA56284B866200D4DF4B /* Features */ = {
			isa = PBXGroup;
			children = (
				3065A10D284D602000DF370F /* SharedComponents */,
				3090EA5B284B888F00D4DF4B /* Settings */,
				3090EA59284B86CA00D4DF4B /* Contacts */,
				3090EA55284B85F200D4DF4B /* DataSync */,
			);
			path = Features;
			sourceTree = "<group>";
		};
		3090EA59284B86CA00D4DF4B /* Contacts */ = {
			isa = PBXGroup;
			children = (
				3090EA5C284B88E300D4DF4B /* ContactsView.swift */,
				3090EA5E284B929B00D4DF4B /* ContactsDetailView.swift */,
				3090EA60284B932100D4DF4B /* Utils.swift */,
			);
			path = Contacts;
			sourceTree = "<group>";
		};
		3090EA5B284B888F00D4DF4B /* Settings */ = {
			isa = PBXGroup;
			children = (
				3065A10B284D4C1100DF370F /* SettingsView.swift */,
			);
			path = Settings;
			sourceTree = "<group>";
		};
/* End PBXGroup section */

/* Begin PBXNativeTarget section */
		3090EA22284A559B00D4DF4B /* ContactsManager */ = {
			isa = PBXNativeTarget;
			buildConfigurationList = 3090EA4C284A559C00D4DF4B /* Build configuration list for PBXNativeTarget "ContactsManager" */;
			buildPhases = (
				3090EA1F284A559B00D4DF4B /* Sources */,
				3090EA20284A559B00D4DF4B /* Frameworks */,
				3090EA21284A559B00D4DF4B /* Resources */,
				30DF2545289553D300B0B54A /* Run Script - swift-format */,
				30DF25462895540A00B0B54A /* Run Script - swift-lint */,
			);
			buildRules = (
			);
			dependencies = (
			);
			name = ContactsManager;
			productName = ContactsManager;
			productReference = 3090EA23284A559B00D4DF4B /* ContactsManager.app */;
			productType = "com.apple.product-type.application";
		};
		3090EA37284A559C00D4DF4B /* ContactsManagerTests */ = {
			isa = PBXNativeTarget;
			buildConfigurationList = 3090EA4F284A559C00D4DF4B /* Build configuration list for PBXNativeTarget "ContactsManagerTests" */;
			buildPhases = (
				3090EA34284A559C00D4DF4B /* Sources */,
				3090EA35284A559C00D4DF4B /* Frameworks */,
				3090EA36284A559C00D4DF4B /* Resources */,
			);
			buildRules = (
			);
			dependencies = (
				3090EA3A284A559C00D4DF4B /* PBXTargetDependency */,
			);
			name = ContactsManagerTests;
			productName = ContactsManagerTests;
			productReference = 3090EA38284A559C00D4DF4B /* ContactsManagerTests.xctest */;
			productType = "com.apple.product-type.bundle.unit-test";
		};
		3090EA41284A559C00D4DF4B /* ContactsManagerUITests */ = {
			isa = PBXNativeTarget;
			buildConfigurationList = 3090EA52284A559C00D4DF4B /* Build configuration list for PBXNativeTarget "ContactsManagerUITests" */;
			buildPhases = (
				3090EA3E284A559C00D4DF4B /* Sources */,
				3090EA3F284A559C00D4DF4B /* Frameworks */,
				3090EA40284A559C00D4DF4B /* Resources */,
			);
			buildRules = (
			);
			dependencies = (
				3090EA44284A559C00D4DF4B /* PBXTargetDependency */,
			);
			name = ContactsManagerUITests;
			productName = ContactsManagerUITests;
			productReference = 3090EA42284A559C00D4DF4B /* ContactsManagerUITests.xctest */;
			productType = "com.apple.product-type.bundle.ui-testing";
		};
/* End PBXNativeTarget section */

/* Begin PBXProject section */
		3090EA1B284A559B00D4DF4B /* Project object */ = {
			isa = PBXProject;
			attributes = {
				BuildIndependentTargetsInParallel = 1;
				LastSwiftUpdateCheck = 1320;
				LastUpgradeCheck = 1320;
				TargetAttributes = {
					3090EA22284A559B00D4DF4B = {
						CreatedOnToolsVersion = 13.2.1;
					};
					3090EA37284A559C00D4DF4B = {
						CreatedOnToolsVersion = 13.2.1;
						TestTargetID = 3090EA22284A559B00D4DF4B;
					};
					3090EA41284A559C00D4DF4B = {
						CreatedOnToolsVersion = 13.2.1;
						TestTargetID = 3090EA22284A559B00D4DF4B;
					};
				};
			};
			buildConfigurationList = 3090EA1E284A559B00D4DF4B /* Build configuration list for PBXProject "ContactsManager" */;
			compatibilityVersion = "Xcode 13.0";
			developmentRegion = en;
			hasScannedForEncodings = 0;
			knownRegions = (
				en,
				Base,
			);
			mainGroup = 3090EA1A284A559B00D4DF4B;
			productRefGroup = 3090EA24284A559B00D4DF4B /* Products */;
			projectDirPath = "";
			projectRoot = "";
			targets = (
				3090EA22284A559B00D4DF4B /* ContactsManager */,
				3090EA37284A559C00D4DF4B /* ContactsManagerTests */,
				3090EA41284A559C00D4DF4B /* ContactsManagerUITests */,
			);
		};
/* End PBXProject section */

/* Begin PBXResourcesBuildPhase section */
		3090EA21284A559B00D4DF4B /* Resources */ = {
			isa = PBXResourcesBuildPhase;
			buildActionMask = 2147483647;
			files = (
				3090EA2E284A559C00D4DF4B /* Preview Assets.xcassets in Resources */,
				3090EA2B284A559C00D4DF4B /* Assets.xcassets in Resources */,
			);
			runOnlyForDeploymentPostprocessing = 0;
		};
		3090EA36284A559C00D4DF4B /* Resources */ = {
			isa = PBXResourcesBuildPhase;
			buildActionMask = 2147483647;
			files = (
			);
			runOnlyForDeploymentPostprocessing = 0;
		};
		3090EA40284A559C00D4DF4B /* Resources */ = {
			isa = PBXResourcesBuildPhase;
			buildActionMask = 2147483647;
			files = (
			);
			runOnlyForDeploymentPostprocessing = 0;
		};
/* End PBXResourcesBuildPhase section */

/* Begin PBXShellScriptBuildPhase section */
		30DF2545289553D300B0B54A /* Run Script - swift-format */ = {
			isa = PBXShellScriptBuildPhase;
			buildActionMask = 2147483647;
			files = (
			);
			inputFileListPaths = (
			);
			inputPaths = (
			);
			name = "Run Script - swift-format";
			outputFileListPaths = (
			);
			outputPaths = (
			);
			runOnlyForDeploymentPostprocessing = 0;
			shellPath = /bin/sh;
			shellScript = "if which swift-format >/dev/null; then\n    swift-format -m format -i -r --configuration swift-format-configuration.json ${PROJECT_DIR}\nelse\n    echo \"error: swift-format not installed\"\n    exit 1\nfi\n";
		};
		30DF25462895540A00B0B54A /* Run Script - swift-lint */ = {
			isa = PBXShellScriptBuildPhase;
			buildActionMask = 2147483647;
			files = (
			);
			inputFileListPaths = (
			);
			inputPaths = (
			);
			name = "Run Script - swift-lint";
			outputFileListPaths = (
			);
			outputPaths = (
			);
			runOnlyForDeploymentPostprocessing = 0;
			shellPath = /bin/sh;
			shellScript = "# Type a script or drag a script file from your workspace to insert its path.\n";
		};
/* End PBXShellScriptBuildPhase section */

/* Begin PBXSourcesBuildPhase section */
		3090EA1F284A559B00D4DF4B /* Sources */ = {
			isa = PBXSourcesBuildPhase;
			buildActionMask = 2147483647;
			files = (
				3090EA58284B869D00D4DF4B /* GoogleSync.swift in Sources */,
				3090EA30284A559C00D4DF4B /* Persistence.swift in Sources */,
				3090EA5D284B88E300D4DF4B /* ContactsView.swift in Sources */,
				3065A10C284D4C1100DF370F /* SettingsView.swift in Sources */,
				3090EA29284A559B00D4DF4B /* ContentView.swift in Sources */,
				3065A10F284D607400DF370F /* DeleteConfirmationView.swift in Sources */,
				3090EA33284A559C00D4DF4B /* ContactsManager.xcdatamodeld in Sources */,
				3065A111284EAEB400DF370F /* ContactsSync.swift in Sources */,
				3090EA27284A559B00D4DF4B /* ContactsManagerApp.swift in Sources */,
				3090EA5F284B929B00D4DF4B /* ContactsDetailView.swift in Sources */,
				3090EA61284B932100D4DF4B /* Utils.swift in Sources */,
			);
			runOnlyForDeploymentPostprocessing = 0;
		};
		3090EA34284A559C00D4DF4B /* Sources */ = {
			isa = PBXSourcesBuildPhase;
			buildActionMask = 2147483647;
			files = (
				3090EA3D284A559C00D4DF4B /* ContactsManagerTests.swift in Sources */,
			);
			runOnlyForDeploymentPostprocessing = 0;
		};
		3090EA3E284A559C00D4DF4B /* Sources */ = {
			isa = PBXSourcesBuildPhase;
			buildActionMask = 2147483647;
			files = (
				3090EA47284A559C00D4DF4B /* ContactsManagerUITests.swift in Sources */,
				3090EA49284A559C00D4DF4B /* ContactsManagerUITestsLaunchTests.swift in Sources */,
			);
			runOnlyForDeploymentPostprocessing = 0;
		};
/* End PBXSourcesBuildPhase section */

/* Begin PBXTargetDependency section */
		3090EA3A284A559C00D4DF4B /* PBXTargetDependency */ = {
			isa = PBXTargetDependency;
			target = 3090EA22284A559B00D4DF4B /* ContactsManager */;
			targetProxy = 3090EA39284A559C00D4DF4B /* PBXContainerItemProxy */;
		};
		3090EA44284A559C00D4DF4B /* PBXTargetDependency */ = {
			isa = PBXTargetDependency;
			target = 3090EA22284A559B00D4DF4B /* ContactsManager */;
			targetProxy = 3090EA43284A559C00D4DF4B /* PBXContainerItemProxy */;
		};
/* End PBXTargetDependency section */

/* Begin XCBuildConfiguration section */
		3090EA4A284A559C00D4DF4B /* Debug */ = {
			isa = XCBuildConfiguration;
			buildSettings = {
				ALWAYS_SEARCH_USER_PATHS = NO;
				CLANG_ANALYZER_NONNULL = YES;
				CLANG_ANALYZER_NUMBER_OBJECT_CONVERSION = YES_AGGRESSIVE;
				CLANG_CXX_LANGUAGE_STANDARD = "gnu++17";
				CLANG_CXX_LIBRARY = "libc++";
				CLANG_ENABLE_MODULES = YES;
				CLANG_ENABLE_OBJC_ARC = YES;
				CLANG_ENABLE_OBJC_WEAK = YES;
				CLANG_WARN_BLOCK_CAPTURE_AUTORELEASING = YES;
				CLANG_WARN_BOOL_CONVERSION = YES;
				CLANG_WARN_COMMA = YES;
				CLANG_WARN_CONSTANT_CONVERSION = YES;
				CLANG_WARN_DEPRECATED_OBJC_IMPLEMENTATIONS = YES;
				CLANG_WARN_DIRECT_OBJC_ISA_USAGE = YES_ERROR;
				CLANG_WARN_DOCUMENTATION_COMMENTS = YES;
				CLANG_WARN_EMPTY_BODY = YES;
				CLANG_WARN_ENUM_CONVERSION = YES;
				CLANG_WARN_INFINITE_RECURSION = YES;
				CLANG_WARN_INT_CONVERSION = YES;
				CLANG_WARN_NON_LITERAL_NULL_CONVERSION = YES;
				CLANG_WARN_OBJC_IMPLICIT_RETAIN_SELF = YES;
				CLANG_WARN_OBJC_LITERAL_CONVERSION = YES;
				CLANG_WARN_OBJC_ROOT_CLASS = YES_ERROR;
				CLANG_WARN_QUOTED_INCLUDE_IN_FRAMEWORK_HEADER = YES;
				CLANG_WARN_RANGE_LOOP_ANALYSIS = YES;
				CLANG_WARN_STRICT_PROTOTYPES = YES;
				CLANG_WARN_SUSPICIOUS_MOVE = YES;
				CLANG_WARN_UNGUARDED_AVAILABILITY = YES_AGGRESSIVE;
				CLANG_WARN_UNREACHABLE_CODE = YES;
				CLANG_WARN__DUPLICATE_METHOD_MATCH = YES;
				COPY_PHASE_STRIP = NO;
				DEBUG_INFORMATION_FORMAT = dwarf;
				ENABLE_STRICT_OBJC_MSGSEND = YES;
				ENABLE_TESTABILITY = YES;
				GCC_C_LANGUAGE_STANDARD = gnu11;
				GCC_DYNAMIC_NO_PIC = NO;
				GCC_NO_COMMON_BLOCKS = YES;
				GCC_OPTIMIZATION_LEVEL = 0;
				GCC_PREPROCESSOR_DEFINITIONS = (
					"DEBUG=1",
					"$(inherited)",
				);
				GCC_WARN_64_TO_32_BIT_CONVERSION = YES;
				GCC_WARN_ABOUT_RETURN_TYPE = YES_ERROR;
				GCC_WARN_UNDECLARED_SELECTOR = YES;
				GCC_WARN_UNINITIALIZED_AUTOS = YES_AGGRESSIVE;
				GCC_WARN_UNUSED_FUNCTION = YES;
				GCC_WARN_UNUSED_VARIABLE = YES;
				IPHONEOS_DEPLOYMENT_TARGET = 15.2;
				MTL_ENABLE_DEBUG_INFO = INCLUDE_SOURCE;
				MTL_FAST_MATH = YES;
				ONLY_ACTIVE_ARCH = YES;
				SDKROOT = iphoneos;
				SWIFT_ACTIVE_COMPILATION_CONDITIONS = DEBUG;
				SWIFT_OPTIMIZATION_LEVEL = "-Onone";
			};
			name = Debug;
		};
		3090EA4B284A559C00D4DF4B /* Release */ = {
			isa = XCBuildConfiguration;
			buildSettings = {
				ALWAYS_SEARCH_USER_PATHS = NO;
				CLANG_ANALYZER_NONNULL = YES;
				CLANG_ANALYZER_NUMBER_OBJECT_CONVERSION = YES_AGGRESSIVE;
				CLANG_CXX_LANGUAGE_STANDARD = "gnu++17";
				CLANG_CXX_LIBRARY = "libc++";
				CLANG_ENABLE_MODULES = YES;
				CLANG_ENABLE_OBJC_ARC = YES;
				CLANG_ENABLE_OBJC_WEAK = YES;
				CLANG_WARN_BLOCK_CAPTURE_AUTORELEASING = YES;
				CLANG_WARN_BOOL_CONVERSION = YES;
				CLANG_WARN_COMMA = YES;
				CLANG_WARN_CONSTANT_CONVERSION = YES;
				CLANG_WARN_DEPRECATED_OBJC_IMPLEMENTATIONS = YES;
				CLANG_WARN_DIRECT_OBJC_ISA_USAGE = YES_ERROR;
				CLANG_WARN_DOCUMENTATION_COMMENTS = YES;
				CLANG_WARN_EMPTY_BODY = YES;
				CLANG_WARN_ENUM_CONVERSION = YES;
				CLANG_WARN_INFINITE_RECURSION = YES;
				CLANG_WARN_INT_CONVERSION = YES;
				CLANG_WARN_NON_LITERAL_NULL_CONVERSION = YES;
				CLANG_WARN_OBJC_IMPLICIT_RETAIN_SELF = YES;
				CLANG_WARN_OBJC_LITERAL_CONVERSION = YES;
				CLANG_WARN_OBJC_ROOT_CLASS = YES_ERROR;
				CLANG_WARN_QUOTED_INCLUDE_IN_FRAMEWORK_HEADER = YES;
				CLANG_WARN_RANGE_LOOP_ANALYSIS = YES;
				CLANG_WARN_STRICT_PROTOTYPES = YES;
				CLANG_WARN_SUSPICIOUS_MOVE = YES;
				CLANG_WARN_UNGUARDED_AVAILABILITY = YES_AGGRESSIVE;
				CLANG_WARN_UNREACHABLE_CODE = YES;
				CLANG_WARN__DUPLICATE_METHOD_MATCH = YES;
				COPY_PHASE_STRIP = NO;
				DEBUG_INFORMATION_FORMAT = "dwarf-with-dsym";
				ENABLE_NS_ASSERTIONS = NO;
				ENABLE_STRICT_OBJC_MSGSEND = YES;
				GCC_C_LANGUAGE_STANDARD = gnu11;
				GCC_NO_COMMON_BLOCKS = YES;
				GCC_WARN_64_TO_32_BIT_CONVERSION = YES;
				GCC_WARN_ABOUT_RETURN_TYPE = YES_ERROR;
				GCC_WARN_UNDECLARED_SELECTOR = YES;
				GCC_WARN_UNINITIALIZED_AUTOS = YES_AGGRESSIVE;
				GCC_WARN_UNUSED_FUNCTION = YES;
				GCC_WARN_UNUSED_VARIABLE = YES;
				IPHONEOS_DEPLOYMENT_TARGET = 15.2;
				MTL_ENABLE_DEBUG_INFO = NO;
				MTL_FAST_MATH = YES;
				SDKROOT = iphoneos;
				SWIFT_COMPILATION_MODE = wholemodule;
				SWIFT_OPTIMIZATION_LEVEL = "-O";
				VALIDATE_PRODUCT = YES;
			};
			name = Release;
		};
		3090EA4D284A559C00D4DF4B /* Debug */ = {
			isa = XCBuildConfiguration;
			buildSettings = {
				ASSETCATALOG_COMPILER_APPICON_NAME = AppIcon;
				ASSETCATALOG_COMPILER_GLOBAL_ACCENT_COLOR_NAME = AccentColor;
				CODE_SIGN_STYLE = Automatic;
				CURRENT_PROJECT_VERSION = 1;
				DEVELOPMENT_ASSET_PATHS = "\"ContactsManager/Preview Content\"";
				DEVELOPMENT_TEAM = MT8GVH9FL2;
				ENABLE_PREVIEWS = YES;
				GENERATE_INFOPLIST_FILE = YES;
				INFOPLIST_KEY_NSContactsUsageDescription = "This is necessary for providing functionality relating to contacts on your device";
				INFOPLIST_KEY_UIApplicationSceneManifest_Generation = YES;
				INFOPLIST_KEY_UIApplicationSupportsIndirectInputEvents = YES;
				INFOPLIST_KEY_UILaunchScreen_Generation = YES;
				INFOPLIST_KEY_UISupportedInterfaceOrientations_iPad = "UIInterfaceOrientationPortrait UIInterfaceOrientationPortraitUpsideDown UIInterfaceOrientationLandscapeLeft UIInterfaceOrientationLandscapeRight";
				INFOPLIST_KEY_UISupportedInterfaceOrientations_iPhone = "UIInterfaceOrientationPortrait UIInterfaceOrientationLandscapeLeft UIInterfaceOrientationLandscapeRight";
				LD_RUNPATH_SEARCH_PATHS = (
					"$(inherited)",
					"@executable_path/Frameworks",
				);
				MARKETING_VERSION = 1.0;
				PRODUCT_BUNDLE_IDENTIFIER = com.ayroblu.ContactsManager;
				PRODUCT_NAME = "$(TARGET_NAME)";
				SWIFT_EMIT_LOC_STRINGS = YES;
				SWIFT_VERSION = 5.0;
				TARGETED_DEVICE_FAMILY = "1,2";
			};
			name = Debug;
		};
		3090EA4E284A559C00D4DF4B /* Release */ = {
			isa = XCBuildConfiguration;
			buildSettings = {
				ASSETCATALOG_COMPILER_APPICON_NAME = AppIcon;
				ASSETCATALOG_COMPILER_GLOBAL_ACCENT_COLOR_NAME = AccentColor;
				CODE_SIGN_STYLE = Automatic;
				CURRENT_PROJECT_VERSION = 1;
				DEVELOPMENT_ASSET_PATHS = "\"ContactsManager/Preview Content\"";
				DEVELOPMENT_TEAM = MT8GVH9FL2;
				ENABLE_PREVIEWS = YES;
				GENERATE_INFOPLIST_FILE = YES;
				INFOPLIST_KEY_NSContactsUsageDescription = "This is necessary for providing functionality relating to contacts on your device";
				INFOPLIST_KEY_UIApplicationSceneManifest_Generation = YES;
				INFOPLIST_KEY_UIApplicationSupportsIndirectInputEvents = YES;
				INFOPLIST_KEY_UILaunchScreen_Generation = YES;
				INFOPLIST_KEY_UISupportedInterfaceOrientations_iPad = "UIInterfaceOrientationPortrait UIInterfaceOrientationPortraitUpsideDown UIInterfaceOrientationLandscapeLeft UIInterfaceOrientationLandscapeRight";
				INFOPLIST_KEY_UISupportedInterfaceOrientations_iPhone = "UIInterfaceOrientationPortrait UIInterfaceOrientationLandscapeLeft UIInterfaceOrientationLandscapeRight";
				LD_RUNPATH_SEARCH_PATHS = (
					"$(inherited)",
					"@executable_path/Frameworks",
				);
				MARKETING_VERSION = 1.0;
				PRODUCT_BUNDLE_IDENTIFIER = com.ayroblu.ContactsManager;
				PRODUCT_NAME = "$(TARGET_NAME)";
				SWIFT_EMIT_LOC_STRINGS = YES;
				SWIFT_VERSION = 5.0;
				TARGETED_DEVICE_FAMILY = "1,2";
			};
			name = Release;
		};
		3090EA50284A559C00D4DF4B /* Debug */ = {
			isa = XCBuildConfiguration;
			buildSettings = {
				ALWAYS_EMBED_SWIFT_STANDARD_LIBRARIES = YES;
				BUNDLE_LOADER = "$(TEST_HOST)";
				CODE_SIGN_STYLE = Automatic;
				CURRENT_PROJECT_VERSION = 1;
				DEVELOPMENT_TEAM = MT8GVH9FL2;
				GENERATE_INFOPLIST_FILE = YES;
				IPHONEOS_DEPLOYMENT_TARGET = 15.2;
				MARKETING_VERSION = 1.0;
				PRODUCT_BUNDLE_IDENTIFIER = com.ayroblu.ContactsManagerTests;
				PRODUCT_NAME = "$(TARGET_NAME)";
				SWIFT_EMIT_LOC_STRINGS = NO;
				SWIFT_VERSION = 5.0;
				TARGETED_DEVICE_FAMILY = "1,2";
				TEST_HOST = "$(BUILT_PRODUCTS_DIR)/ContactsManager.app/ContactsManager";
			};
			name = Debug;
		};
		3090EA51284A559C00D4DF4B /* Release */ = {
			isa = XCBuildConfiguration;
			buildSettings = {
				ALWAYS_EMBED_SWIFT_STANDARD_LIBRARIES = YES;
				BUNDLE_LOADER = "$(TEST_HOST)";
				CODE_SIGN_STYLE = Automatic;
				CURRENT_PROJECT_VERSION = 1;
				DEVELOPMENT_TEAM = MT8GVH9FL2;
				GENERATE_INFOPLIST_FILE = YES;
				IPHONEOS_DEPLOYMENT_TARGET = 15.2;
				MARKETING_VERSION = 1.0;
				PRODUCT_BUNDLE_IDENTIFIER = com.ayroblu.ContactsManagerTests;
				PRODUCT_NAME = "$(TARGET_NAME)";
				SWIFT_EMIT_LOC_STRINGS = NO;
				SWIFT_VERSION = 5.0;
				TARGETED_DEVICE_FAMILY = "1,2";
				TEST_HOST = "$(BUILT_PRODUCTS_DIR)/ContactsManager.app/ContactsManager";
			};
			name = Release;
		};
		3090EA53284A559C00D4DF4B /* Debug */ = {
			isa = XCBuildConfiguration;
			buildSettings = {
				ALWAYS_EMBED_SWIFT_STANDARD_LIBRARIES = YES;
				CODE_SIGN_STYLE = Automatic;
				CURRENT_PROJECT_VERSION = 1;
				DEVELOPMENT_TEAM = MT8GVH9FL2;
				GENERATE_INFOPLIST_FILE = YES;
				MARKETING_VERSION = 1.0;
				PRODUCT_BUNDLE_IDENTIFIER = com.ayroblu.ContactsManagerUITests;
				PRODUCT_NAME = "$(TARGET_NAME)";
				SWIFT_EMIT_LOC_STRINGS = NO;
				SWIFT_VERSION = 5.0;
				TARGETED_DEVICE_FAMILY = "1,2";
				TEST_TARGET_NAME = ContactsManager;
			};
			name = Debug;
		};
		3090EA54284A559C00D4DF4B /* Release */ = {
			isa = XCBuildConfiguration;
			buildSettings = {
				ALWAYS_EMBED_SWIFT_STANDARD_LIBRARIES = YES;
				CODE_SIGN_STYLE = Automatic;
				CURRENT_PROJECT_VERSION = 1;
				DEVELOPMENT_TEAM = MT8GVH9FL2;
				GENERATE_INFOPLIST_FILE = YES;
				MARKETING_VERSION = 1.0;
				PRODUCT_BUNDLE_IDENTIFIER = com.ayroblu.ContactsManagerUITests;
				PRODUCT_NAME = "$(TARGET_NAME)";
				SWIFT_EMIT_LOC_STRINGS = NO;
				SWIFT_VERSION = 5.0;
				TARGETED_DEVICE_FAMILY = "1,2";
				TEST_TARGET_NAME = ContactsManager;
			};
			name = Release;
		};
/* End XCBuildConfiguration section */

/* Begin XCConfigurationList section */
		3090EA1E284A559B00D4DF4B /* Build configuration list for PBXProject "ContactsManager" */ = {
			isa = XCConfigurationList;
			buildConfigurations = (
				3090EA4A284A559C00D4DF4B /* Debug */,
				3090EA4B284A559C00D4DF4B /* Release */,
			);
			defaultConfigurationIsVisible = 0;
			defaultConfigurationName = Release;
		};
		3090EA4C284A559C00D4DF4B /* Build configuration list for PBXNativeTarget "ContactsManager" */ = {
			isa = XCConfigurationList;
			buildConfigurations = (
				3090EA4D284A559C00D4DF4B /* Debug */,
				3090EA4E284A559C00D4DF4B /* Release */,
			);
			defaultConfigurationIsVisible = 0;
			defaultConfigurationName = Release;
		};
		3090EA4F284A559C00D4DF4B /* Build configuration list for PBXNativeTarget "ContactsManagerTests" */ = {
			isa = XCConfigurationList;
			buildConfigurations = (
				3090EA50284A559C00D4DF4B /* Debug */,
				3090EA51284A559C00D4DF4B /* Release */,
			);
			defaultConfigurationIsVisible = 0;
			defaultConfigurationName = Release;
		};
		3090EA52284A559C00D4DF4B /* Build configuration list for PBXNativeTarget "ContactsManagerUITests" */ = {
			isa = XCConfigurationList;
			buildConfigurations = (
				3090EA53284A559C00D4DF4B /* Debug */,
				3090EA54284A559C00D4DF4B /* Release */,
			);
			defaultConfigurationIsVisible = 0;
			defaultConfigurationName = Release;
		};
/* End XCConfigurationList section */

/* Begin XCVersionGroup section */
		3090EA31284A559C00D4DF4B /* ContactsManager.xcdatamodeld */ = {
			isa = XCVersionGroup;
			children = (
				3090EA32284A559C00D4DF4B /* ContactsManager.xcdatamodel */,
			);
			currentVersion = 3090EA32284A559C00D4DF4B /* ContactsManager.xcdatamodel */;
			path = ContactsManager.xcdatamodeld;
			sourceTree = "<group>";
			versionGroupType = wrapper.xcdatamodel;
		};
/* End XCVersionGroup section */
	};
	rootObject = 3090EA1B284A559B00D4DF4B /* Project object */;
}
